{
  "name": "adsız klasör",
  "version": "0.0.1",
  "lockfileVersion": 3,
  "requires": true,
  "packages": {
    "": {
      "dependencies": {
        "vanilla-js-dropdown": "^2.2.0"
      }
    },
    "node_modules/vanilla-js-dropdown": {
      "version": "2.2.0",
      "resolved": "https://registry.npmjs.org/vanilla-js-dropdown/-/vanilla-js-dropdown-2.2.0.tgz",
      "integrity": "sha512-pwXB6BR1Dw+YYY/ybf1EM1EhvbFpNBPCKhNWfnds2zPBz+GsSdNWAm/cnI6srECGPkXn9V3XUod8Hd1gpqd4Iw=="
    }
  }
}
